// !$*UTF8*$!
{
	archiveVersion = 1;
	classes = {
	};
	objectVersion = 56;
	objects = {

/* Begin PBXBuildFile section */
		ADDEF952295817F0001FA0F9 /* AppDelegate.swift in Sources */ = {isa = PBXBuildFile; fileRef = ADDEF951295817F0001FA0F9 /* AppDelegate.swift */; };
		ADDEF954295817F0001FA0F9 /* SceneDelegate.swift in Sources */ = {isa = PBXBuildFile; fileRef = ADDEF953295817F0001FA0F9 /* SceneDelegate.swift */; };
		ADDEF956295817F0001FA0F9 /* RMTabBarController.swift in Sources */ = {isa = PBXBuildFile; fileRef = ADDEF955295817F0001FA0F9 /* RMTabBarController.swift */; };
		ADDEF95B295817F4001FA0F9 /* Assets.xcassets in Resources */ = {isa = PBXBuildFile; fileRef = ADDEF95A295817F4001FA0F9 /* Assets.xcassets */; };
		ADDEF95E295817F4001FA0F9 /* LaunchScreen.storyboard in Resources */ = {isa = PBXBuildFile; fileRef = ADDEF95C295817F4001FA0F9 /* LaunchScreen.storyboard */; };
		ADDEF96D29581BF1001FA0F9 /* RMLocation.swift in Sources */ = {isa = PBXBuildFile; fileRef = ADDEF96C29581BF1001FA0F9 /* RMLocation.swift */; };
		ADDEF96F29581C00001FA0F9 /* RMEpisode.swift in Sources */ = {isa = PBXBuildFile; fileRef = ADDEF96E29581C00001FA0F9 /* RMEpisode.swift */; };
		ADDEF97129581C13001FA0F9 /* RMCharacter.swift in Sources */ = {isa = PBXBuildFile; fileRef = ADDEF97029581C13001FA0F9 /* RMCharacter.swift */; };
		ADDEF97429581D09001FA0F9 /* RMCharacterViewController.swift in Sources */ = {isa = PBXBuildFile; fileRef = ADDEF97329581D09001FA0F9 /* RMCharacterViewController.swift */; };
		ADDEF97629581D18001FA0F9 /* RMEpisodeViewController.swift in Sources */ = {isa = PBXBuildFile; fileRef = ADDEF97529581D18001FA0F9 /* RMEpisodeViewController.swift */; };
		ADDEF97829581D25001FA0F9 /* RMLocationViewController.swift in Sources */ = {isa = PBXBuildFile; fileRef = ADDEF97729581D25001FA0F9 /* RMLocationViewController.swift */; };
		ADDEF97A29581D36001FA0F9 /* RMSettingsViewController.swift in Sources */ = {isa = PBXBuildFile; fileRef = ADDEF97929581D36001FA0F9 /* RMSettingsViewController.swift */; };
		ADDEF97C29583186001FA0F9 /* RMService.swift in Sources */ = {isa = PBXBuildFile; fileRef = ADDEF97B29583186001FA0F9 /* RMService.swift */; };
		ADDEF97E29583194001FA0F9 /* RMRequest.swift in Sources */ = {isa = PBXBuildFile; fileRef = ADDEF97D29583194001FA0F9 /* RMRequest.swift */; };
		ADDEF980295831B3001FA0F9 /* RMEndpoint.swift in Sources */ = {isa = PBXBuildFile; fileRef = ADDEF97F295831B3001FA0F9 /* RMEndpoint.swift */; };
/* End PBXBuildFile section */

/* Begin PBXFileReference section */
		ADDEF94E295817F0001FA0F9 /* RickAndMorty.app */ = {isa = PBXFileReference; explicitFileType = wrapper.application; includeInIndex = 0; path = RickAndMorty.app; sourceTree = BUILT_PRODUCTS_DIR; };
		ADDEF951295817F0001FA0F9 /* AppDelegate.swift */ = {isa = PBXFileReference; lastKnownFileType = sourcecode.swift; path = AppDelegate.swift; sourceTree = "<group>"; };
		ADDEF953295817F0001FA0F9 /* SceneDelegate.swift */ = {isa = PBXFileReference; lastKnownFileType = sourcecode.swift; path = SceneDelegate.swift; sourceTree = "<group>"; };
		ADDEF955295817F0001FA0F9 /* RMTabBarController.swift */ = {isa = PBXFileReference; lastKnownFileType = sourcecode.swift; path = RMTabBarController.swift; sourceTree = "<group>"; };
		ADDEF95A295817F4001FA0F9 /* Assets.xcassets */ = {isa = PBXFileReference; lastKnownFileType = folder.assetcatalog; path = Assets.xcassets; sourceTree = "<group>"; };
		ADDEF95D295817F4001FA0F9 /* Base */ = {isa = PBXFileReference; lastKnownFileType = file.storyboard; name = Base; path = Base.lproj/LaunchScreen.storyboard; sourceTree = "<group>"; };
		ADDEF95F295817F4001FA0F9 /* Info.plist */ = {isa = PBXFileReference; lastKnownFileType = text.plist.xml; path = Info.plist; sourceTree = "<group>"; };
		ADDEF96C29581BF1001FA0F9 /* RMLocation.swift */ = {isa = PBXFileReference; lastKnownFileType = sourcecode.swift; path = RMLocation.swift; sourceTree = "<group>"; };
		ADDEF96E29581C00001FA0F9 /* RMEpisode.swift */ = {isa = PBXFileReference; lastKnownFileType = sourcecode.swift; path = RMEpisode.swift; sourceTree = "<group>"; };
		ADDEF97029581C13001FA0F9 /* RMCharacter.swift */ = {isa = PBXFileReference; lastKnownFileType = sourcecode.swift; path = RMCharacter.swift; sourceTree = "<group>"; };
		ADDEF97329581D09001FA0F9 /* RMCharacterViewController.swift */ = {isa = PBXFileReference; lastKnownFileType = sourcecode.swift; path = RMCharacterViewController.swift; sourceTree = "<group>"; };
		ADDEF97529581D18001FA0F9 /* RMEpisodeViewController.swift */ = {isa = PBXFileReference; lastKnownFileType = sourcecode.swift; path = RMEpisodeViewController.swift; sourceTree = "<group>"; };
		ADDEF97729581D25001FA0F9 /* RMLocationViewController.swift */ = {isa = PBXFileReference; lastKnownFileType = sourcecode.swift; path = RMLocationViewController.swift; sourceTree = "<group>"; };
		ADDEF97929581D36001FA0F9 /* RMSettingsViewController.swift */ = {isa = PBXFileReference; lastKnownFileType = sourcecode.swift; path = RMSettingsViewController.swift; sourceTree = "<group>"; };
		ADDEF97B29583186001FA0F9 /* RMService.swift */ = {isa = PBXFileReference; lastKnownFileType = sourcecode.swift; path = RMService.swift; sourceTree = "<group>"; };
		ADDEF97D29583194001FA0F9 /* RMRequest.swift */ = {isa = PBXFileReference; lastKnownFileType = sourcecode.swift; path = RMRequest.swift; sourceTree = "<group>"; };
		ADDEF97F295831B3001FA0F9 /* RMEndpoint.swift */ = {isa = PBXFileReference; lastKnownFileType = sourcecode.swift; path = RMEndpoint.swift; sourceTree = "<group>"; };
/* End PBXFileReference section */

/* Begin PBXFrameworksBuildPhase section */
		ADDEF94B295817F0001FA0F9 /* Frameworks */ = {
			isa = PBXFrameworksBuildPhase;
			buildActionMask = 2147483647;
			files = (
			);
			runOnlyForDeploymentPostprocessing = 0;
		};
/* End PBXFrameworksBuildPhase section */

/* Begin PBXGroup section */
		ADDEF945295817F0001FA0F9 = {
			isa = PBXGroup;
			children = (
				ADDEF950295817F0001FA0F9 /* RickAndMorty */,
				ADDEF94F295817F0001FA0F9 /* Products */,
			);
			sourceTree = "<group>";
		};
		ADDEF94F295817F0001FA0F9 /* Products */ = {
			isa = PBXGroup;
			children = (
				ADDEF94E295817F0001FA0F9 /* RickAndMorty.app */,
			);
			name = Products;
			sourceTree = "<group>";
		};
		ADDEF950295817F0001FA0F9 /* RickAndMorty */ = {
			isa = PBXGroup;
			children = (
				ADDEF96B29581B34001FA0F9 /* Resources */,
				ADDEF96A29581B2A001FA0F9 /* Managers */,
				ADDEF96929581B04001FA0F9 /* APIClient */,
				ADDEF96829581AF8001FA0F9 /* ViewModels */,
				ADDEF96729581ADC001FA0F9 /* Views */,
				ADDEF96629581AC9001FA0F9 /* Models */,
				ADDEF96529581AB9001FA0F9 /* Controllers */,
				ADDEF95F295817F4001FA0F9 /* Info.plist */,
			);
			path = RickAndMorty;
			sourceTree = "<group>";
		};
		ADDEF96529581AB9001FA0F9 /* Controllers */ = {
			isa = PBXGroup;
			children = (
				ADDEF97229581CD7001FA0F9 /* Core */,
			);
			path = Controllers;
			sourceTree = "<group>";
		};
		ADDEF96629581AC9001FA0F9 /* Models */ = {
			isa = PBXGroup;
			children = (
				ADDEF96C29581BF1001FA0F9 /* RMLocation.swift */,
				ADDEF96E29581C00001FA0F9 /* RMEpisode.swift */,
				ADDEF97029581C13001FA0F9 /* RMCharacter.swift */,
			);
			path = Models;
			sourceTree = "<group>";
		};
		ADDEF96729581ADC001FA0F9 /* Views */ = {
			isa = PBXGroup;
			children = (
			);
			path = Views;
			sourceTree = "<group>";
		};
		ADDEF96829581AF8001FA0F9 /* ViewModels */ = {
			isa = PBXGroup;
			children = (
			);
			path = ViewModels;
			sourceTree = "<group>";
		};
		ADDEF96929581B04001FA0F9 /* APIClient */ = {
			isa = PBXGroup;
			children = (
				ADDEF97B29583186001FA0F9 /* RMService.swift */,
				ADDEF97D29583194001FA0F9 /* RMRequest.swift */,
				ADDEF97F295831B3001FA0F9 /* RMEndpoint.swift */,
			);
			path = APIClient;
			sourceTree = "<group>";
		};
		ADDEF96A29581B2A001FA0F9 /* Managers */ = {
			isa = PBXGroup;
			children = (
			);
			path = Managers;
			sourceTree = "<group>";
		};
		ADDEF96B29581B34001FA0F9 /* Resources */ = {
			isa = PBXGroup;
			children = (
				ADDEF951295817F0001FA0F9 /* AppDelegate.swift */,
				ADDEF953295817F0001FA0F9 /* SceneDelegate.swift */,
				ADDEF95A295817F4001FA0F9 /* Assets.xcassets */,
				ADDEF95C295817F4001FA0F9 /* LaunchScreen.storyboard */,
			);
			path = Resources;
			sourceTree = "<group>";
		};
		ADDEF97229581CD7001FA0F9 /* Core */ = {
			isa = PBXGroup;
			children = (
				ADDEF955295817F0001FA0F9 /* RMTabBarController.swift */,
				ADDEF97329581D09001FA0F9 /* RMCharacterViewController.swift */,
				ADDEF97529581D18001FA0F9 /* RMEpisodeViewController.swift */,
				ADDEF97729581D25001FA0F9 /* RMLocationViewController.swift */,
				ADDEF97929581D36001FA0F9 /* RMSettingsViewController.swift */,
			);
			path = Core;
			sourceTree = "<group>";
		};
/* End PBXGroup section */

/* Begin PBXNativeTarget section */
		ADDEF94D295817F0001FA0F9 /* RickAndMorty */ = {
			isa = PBXNativeTarget;
			buildConfigurationList = ADDEF962295817F4001FA0F9 /* Build configuration list for PBXNativeTarget "RickAndMorty" */;
			buildPhases = (
				ADDEF94A295817F0001FA0F9 /* Sources */,
				ADDEF94B295817F0001FA0F9 /* Frameworks */,
				ADDEF94C295817F0001FA0F9 /* Resources */,
			);
			buildRules = (
			);
			dependencies = (
			);
			name = RickAndMorty;
			productName = RickAndMorty;
			productReference = ADDEF94E295817F0001FA0F9 /* RickAndMorty.app */;
			productType = "com.apple.product-type.application";
		};
/* End PBXNativeTarget section */

/* Begin PBXProject section */
		ADDEF946295817F0001FA0F9 /* Project object */ = {
			isa = PBXProject;
			attributes = {
				BuildIndependentTargetsInParallel = 1;
				LastSwiftUpdateCheck = 1410;
				LastUpgradeCheck = 1410;
				TargetAttributes = {
					ADDEF94D295817F0001FA0F9 = {
						CreatedOnToolsVersion = 14.1;
					};
				};
			};
			buildConfigurationList = ADDEF949295817F0001FA0F9 /* Build configuration list for PBXProject "RickAndMorty" */;
			compatibilityVersion = "Xcode 14.0";
			developmentRegion = en;
			hasScannedForEncodings = 0;
			knownRegions = (
				en,
				Base,
			);
			mainGroup = ADDEF945295817F0001FA0F9;
			productRefGroup = ADDEF94F295817F0001FA0F9 /* Products */;
			projectDirPath = "";
			projectRoot = "";
			targets = (
				ADDEF94D295817F0001FA0F9 /* RickAndMorty */,
			);
		};
/* End PBXProject section */

/* Begin PBXResourcesBuildPhase section */
		ADDEF94C295817F0001FA0F9 /* Resources */ = {
			isa = PBXResourcesBuildPhase;
			buildActionMask = 2147483647;
			files = (
				ADDEF95E295817F4001FA0F9 /* LaunchScreen.storyboard in Resources */,
				ADDEF95B295817F4001FA0F9 /* Assets.xcassets in Resources */,
			);
			runOnlyForDeploymentPostprocessing = 0;
		};
/* End PBXResourcesBuildPhase section */

/* Begin PBXSourcesBuildPhase section */
		ADDEF94A295817F0001FA0F9 /* Sources */ = {
			isa = PBXSourcesBuildPhase;
			buildActionMask = 2147483647;
			files = (
				ADDEF97829581D25001FA0F9 /* RMLocationViewController.swift in Sources */,
				ADDEF97129581C13001FA0F9 /* RMCharacter.swift in Sources */,
				ADDEF956295817F0001FA0F9 /* RMTabBarController.swift in Sources */,
				ADDEF952295817F0001FA0F9 /* AppDelegate.swift in Sources */,
				ADDEF96F29581C00001FA0F9 /* RMEpisode.swift in Sources */,
				ADDEF954295817F0001FA0F9 /* SceneDelegate.swift in Sources */,
				ADDEF97A29581D36001FA0F9 /* RMSettingsViewController.swift in Sources */,
				ADDEF97C29583186001FA0F9 /* RMService.swift in Sources */,
				ADDEF96D29581BF1001FA0F9 /* RMLocation.swift in Sources */,
				ADDEF980295831B3001FA0F9 /* RMEndpoint.swift in Sources */,
				ADDEF97429581D09001FA0F9 /* RMCharacterViewController.swift in Sources */,
				ADDEF97E29583194001FA0F9 /* RMRequest.swift in Sources */,
				ADDEF97629581D18001FA0F9 /* RMEpisodeViewController.swift in Sources */,
			);
			runOnlyForDeploymentPostprocessing = 0;
		};
/* End PBXSourcesBuildPhase section */

/* Begin PBXVariantGroup section */
		ADDEF95C295817F4001FA0F9 /* LaunchScreen.storyboard */ = {
			isa = PBXVariantGroup;
			children = (
				ADDEF95D295817F4001FA0F9 /* Base */,
			);
			name = LaunchScreen.storyboard;
			sourceTree = "<group>";
		};
/* End PBXVariantGroup section */

/* Begin XCBuildConfiguration section */
		ADDEF960295817F4001FA0F9 /* Debug */ = {
			isa = XCBuildConfiguration;
			buildSettings = {
				ALWAYS_SEARCH_USER_PATHS = NO;
				CLANG_ANALYZER_NONNULL = YES;
				CLANG_ANALYZER_NUMBER_OBJECT_CONVERSION = YES_AGGRESSIVE;
				CLANG_CXX_LANGUAGE_STANDARD = "gnu++20";
				CLANG_ENABLE_MODULES = YES;
				CLANG_ENABLE_OBJC_ARC = YES;
				CLANG_ENABLE_OBJC_WEAK = YES;
				CLANG_WARN_BLOCK_CAPTURE_AUTORELEASING = YES;
				CLANG_WARN_BOOL_CONVERSION = YES;
				CLANG_WARN_COMMA = YES;
				CLANG_WARN_CONSTANT_CONVERSION = YES;
				CLANG_WARN_DEPRECATED_OBJC_IMPLEMENTATIONS = YES;
				CLANG_WARN_DIRECT_OBJC_ISA_USAGE = YES_ERROR;
				CLANG_WARN_DOCUMENTATION_COMMENTS = YES;
				CLANG_WARN_EMPTY_BODY = YES;
				CLANG_WARN_ENUM_CONVERSION = YES;
				CLANG_WARN_INFINITE_RECURSION = YES;
				CLANG_WARN_INT_CONVERSION = YES;
				CLANG_WARN_NON_LITERAL_NULL_CONVERSION = YES;
				CLANG_WARN_OBJC_IMPLICIT_RETAIN_SELF = YES;
				CLANG_WARN_OBJC_LITERAL_CONVERSION = YES;
				CLANG_WARN_OBJC_ROOT_CLASS = YES_ERROR;
				CLANG_WARN_QUOTED_INCLUDE_IN_FRAMEWORK_HEADER = YES;
				CLANG_WARN_RANGE_LOOP_ANALYSIS = YES;
				CLANG_WARN_STRICT_PROTOTYPES = YES;
				CLANG_WARN_SUSPICIOUS_MOVE = YES;
				CLANG_WARN_UNGUARDED_AVAILABILITY = YES_AGGRESSIVE;
				CLANG_WARN_UNREACHABLE_CODE = YES;
				CLANG_WARN__DUPLICATE_METHOD_MATCH = YES;
				COPY_PHASE_STRIP = NO;
				DEBUG_INFORMATION_FORMAT = dwarf;
				ENABLE_STRICT_OBJC_MSGSEND = YES;
				ENABLE_TESTABILITY = YES;
				GCC_C_LANGUAGE_STANDARD = gnu11;
				GCC_DYNAMIC_NO_PIC = NO;
				GCC_NO_COMMON_BLOCKS = YES;
				GCC_OPTIMIZATION_LEVEL = 0;
				GCC_PREPROCESSOR_DEFINITIONS = (
					"DEBUG=1",
					"$(inherited)",
				);
				GCC_WARN_64_TO_32_BIT_CONVERSION = YES;
				GCC_WARN_ABOUT_RETURN_TYPE = YES_ERROR;
				GCC_WARN_UNDECLARED_SELECTOR = YES;
				GCC_WARN_UNINITIALIZED_AUTOS = YES_AGGRESSIVE;
				GCC_WARN_UNUSED_FUNCTION = YES;
				GCC_WARN_UNUSED_VARIABLE = YES;
				IPHONEOS_DEPLOYMENT_TARGET = 16.1;
				MTL_ENABLE_DEBUG_INFO = INCLUDE_SOURCE;
				MTL_FAST_MATH = YES;
				ONLY_ACTIVE_ARCH = YES;
				SDKROOT = iphoneos;
				SWIFT_ACTIVE_COMPILATION_CONDITIONS = DEBUG;
				SWIFT_OPTIMIZATION_LEVEL = "-Onone";
			};
			name = Debug;
		};
		ADDEF961295817F4001FA0F9 /* Release */ = {
			isa = XCBuildConfiguration;
			buildSettings = {
				ALWAYS_SEARCH_USER_PATHS = NO;
				CLANG_ANALYZER_NONNULL = YES;
				CLANG_ANALYZER_NUMBER_OBJECT_CONVERSION = YES_AGGRESSIVE;
				CLANG_CXX_LANGUAGE_STANDARD = "gnu++20";
				CLANG_ENABLE_MODULES = YES;
				CLANG_ENABLE_OBJC_ARC = YES;
				CLANG_ENABLE_OBJC_WEAK = YES;
				CLANG_WARN_BLOCK_CAPTURE_AUTORELEASING = YES;
				CLANG_WARN_BOOL_CONVERSION = YES;
				CLANG_WARN_COMMA = YES;
				CLANG_WARN_CONSTANT_CONVERSION = YES;
				CLANG_WARN_DEPRECATED_OBJC_IMPLEMENTATIONS = YES;
				CLANG_WARN_DIRECT_OBJC_ISA_USAGE = YES_ERROR;
				CLANG_WARN_DOCUMENTATION_COMMENTS = YES;
				CLANG_WARN_EMPTY_BODY = YES;
				CLANG_WARN_ENUM_CONVERSION = YES;
				CLANG_WARN_INFINITE_RECURSION = YES;
				CLANG_WARN_INT_CONVERSION = YES;
				CLANG_WARN_NON_LITERAL_NULL_CONVERSION = YES;
				CLANG_WARN_OBJC_IMPLICIT_RETAIN_SELF = YES;
				CLANG_WARN_OBJC_LITERAL_CONVERSION = YES;
				CLANG_WARN_OBJC_ROOT_CLASS = YES_ERROR;
				CLANG_WARN_QUOTED_INCLUDE_IN_FRAMEWORK_HEADER = YES;
				CLANG_WARN_RANGE_LOOP_ANALYSIS = YES;
				CLANG_WARN_STRICT_PROTOTYPES = YES;
				CLANG_WARN_SUSPICIOUS_MOVE = YES;
				CLANG_WARN_UNGUARDED_AVAILABILITY = YES_AGGRESSIVE;
				CLANG_WARN_UNREACHABLE_CODE = YES;
				CLANG_WARN__DUPLICATE_METHOD_MATCH = YES;
				COPY_PHASE_STRIP = NO;
				DEBUG_INFORMATION_FORMAT = "dwarf-with-dsym";
				ENABLE_NS_ASSERTIONS = NO;
				ENABLE_STRICT_OBJC_MSGSEND = YES;
				GCC_C_LANGUAGE_STANDARD = gnu11;
				GCC_NO_COMMON_BLOCKS = YES;
				GCC_WARN_64_TO_32_BIT_CONVERSION = YES;
				GCC_WARN_ABOUT_RETURN_TYPE = YES_ERROR;
				GCC_WARN_UNDECLARED_SELECTOR = YES;
				GCC_WARN_UNINITIALIZED_AUTOS = YES_AGGRESSIVE;
				GCC_WARN_UNUSED_FUNCTION = YES;
				GCC_WARN_UNUSED_VARIABLE = YES;
				IPHONEOS_DEPLOYMENT_TARGET = 16.1;
				MTL_ENABLE_DEBUG_INFO = NO;
				MTL_FAST_MATH = YES;
				SDKROOT = iphoneos;
				SWIFT_COMPILATION_MODE = wholemodule;
				SWIFT_OPTIMIZATION_LEVEL = "-O";
				VALIDATE_PRODUCT = YES;
			};
			name = Release;
		};
		ADDEF963295817F4001FA0F9 /* Debug */ = {
			isa = XCBuildConfiguration;
			buildSettings = {
				ASSETCATALOG_COMPILER_APPICON_NAME = AppIcon;
				ASSETCATALOG_COMPILER_GLOBAL_ACCENT_COLOR_NAME = AccentColor;
				CODE_SIGN_STYLE = Automatic;
				CURRENT_PROJECT_VERSION = 1;
				GENERATE_INFOPLIST_FILE = YES;
				INFOPLIST_FILE = RickAndMorty/Info.plist;
				INFOPLIST_KEY_UIApplicationSupportsIndirectInputEvents = YES;
				INFOPLIST_KEY_UILaunchStoryboardName = LaunchScreen;
				INFOPLIST_KEY_UISupportedInterfaceOrientations_iPad = "UIInterfaceOrientationPortrait UIInterfaceOrientationPortraitUpsideDown UIInterfaceOrientationLandscapeLeft UIInterfaceOrientationLandscapeRight";
				INFOPLIST_KEY_UISupportedInterfaceOrientations_iPhone = "UIInterfaceOrientationPortrait UIInterfaceOrientationLandscapeLeft UIInterfaceOrientationLandscapeRight";
				LD_RUNPATH_SEARCH_PATHS = (
					"$(inherited)",
					"@executable_path/Frameworks",
				);
				MARKETING_VERSION = 1.0;
				PRODUCT_BUNDLE_IDENTIFIER = "Amnet-Digital.RickAndMorty";
				PRODUCT_NAME = "$(TARGET_NAME)";
				SWIFT_EMIT_LOC_STRINGS = YES;
				SWIFT_VERSION = 5.0;
				TARGETED_DEVICE_FAMILY = "1,2";
			};
			name = Debug;
		};
		ADDEF964295817F4001FA0F9 /* Release */ = {
			isa = XCBuildConfiguration;
			buildSettings = {
				ASSETCATALOG_COMPILER_APPICON_NAME = AppIcon;
				ASSETCATALOG_COMPILER_GLOBAL_ACCENT_COLOR_NAME = AccentColor;
				CODE_SIGN_STYLE = Automatic;
				CURRENT_PROJECT_VERSION = 1;
				GENERATE_INFOPLIST_FILE = YES;
				INFOPLIST_FILE = RickAndMorty/Info.plist;
				INFOPLIST_KEY_UIApplicationSupportsIndirectInputEvents = YES;
				INFOPLIST_KEY_UILaunchStoryboardName = LaunchScreen;
				INFOPLIST_KEY_UISupportedInterfaceOrientations_iPad = "UIInterfaceOrientationPortrait UIInterfaceOrientationPortraitUpsideDown UIInterfaceOrientationLandscapeLeft UIInterfaceOrientationLandscapeRight";
				INFOPLIST_KEY_UISupportedInterfaceOrientations_iPhone = "UIInterfaceOrientationPortrait UIInterfaceOrientationLandscapeLeft UIInterfaceOrientationLandscapeRight";
				LD_RUNPATH_SEARCH_PATHS = (
					"$(inherited)",
					"@executable_path/Frameworks",
				);
				MARKETING_VERSION = 1.0;
				PRODUCT_BUNDLE_IDENTIFIER = "Amnet-Digital.RickAndMorty";
				PRODUCT_NAME = "$(TARGET_NAME)";
				SWIFT_EMIT_LOC_STRINGS = YES;
				SWIFT_VERSION = 5.0;
				TARGETED_DEVICE_FAMILY = "1,2";
			};
			name = Release;
		};
/* End XCBuildConfiguration section */

/* Begin XCConfigurationList section */
		ADDEF949295817F0001FA0F9 /* Build configuration list for PBXProject "RickAndMorty" */ = {
			isa = XCConfigurationList;
			buildConfigurations = (
				ADDEF960295817F4001FA0F9 /* Debug */,
				ADDEF961295817F4001FA0F9 /* Release */,
			);
			defaultConfigurationIsVisible = 0;
			defaultConfigurationName = Release;
		};
		ADDEF962295817F4001FA0F9 /* Build configuration list for PBXNativeTarget "RickAndMorty" */ = {
			isa = XCConfigurationList;
			buildConfigurations = (
				ADDEF963295817F4001FA0F9 /* Debug */,
				ADDEF964295817F4001FA0F9 /* Release */,
			);
			defaultConfigurationIsVisible = 0;
			defaultConfigurationName = Release;
		};
/* End XCConfigurationList section */
	};
	rootObject = ADDEF946295817F0001FA0F9 /* Project object */;
}
